
Microsoft Visual Studio Solution File, Format Version 12.00
# Visual Studio Version 16
VisualStudioVersion = 16.0.29806.167
MinimumVisualStudioVersion = 10.0.40219.1
Project("{2150E333-8FDC-42A3-9474-1A3956D46DE8}") = "Solution Items", "Solution Items", "{625557B0-857C-4729-8C55-DBAFC92DEC29}"
	ProjectSection(SolutionItems) = preProject
		.editorconfig = .editorconfig
		README.md = README.md
	EndProjectSection
EndProject
Project("{9A19103F-16F7-4668-BE54-9A1E7A4F7556}") = "Netxtendable", "Netxtendable\Netxtendable.csproj", "{439C94F4-FF52-4802-8EC7-B5DDB73B7CCC}"
EndProject
Project("{9A19103F-16F7-4668-BE54-9A1E7A4F7556}") = "NetxtendableTests", "NetxtendableTests\NetxtendableTests.csproj", "{00279547-FD41-4084-8827-FD6C585A184A}"
EndProject
Project("{9A19103F-16F7-4668-BE54-9A1E7A4F7556}") = "NetxtendableCodeGen", "NetxtendableCodeGen\NetxtendableCodeGen.csproj", "{95FC748A-9950-4468-A267-0A1C44063807}"
EndProject
Project("{FAE04EC0-301F-11D3-BF4B-00C04F79EFBC}") = "NetxtendableNetFramework", "NetxtendableNetFramework\NetxtendableNetFramework.csproj", "{D53BD75E-D232-41FB-8B93-B1A7DA45C407}"
EndProject
Global
	GlobalSection(SolutionConfigurationPlatforms) = preSolution
		Debug|Any CPU = Debug|Any CPU
		Release|Any CPU = Release|Any CPU
	EndGlobalSection
	GlobalSection(ProjectConfigurationPlatforms) = postSolution
		{439C94F4-FF52-4802-8EC7-B5DDB73B7CCC}.Debug|Any CPU.ActiveCfg = Debug|Any CPU
		{439C94F4-FF52-4802-8EC7-B5DDB73B7CCC}.Debug|Any CPU.Build.0 = Debug|Any CPU
		{439C94F4-FF52-4802-8EC7-B5DDB73B7CCC}.Release|Any CPU.ActiveCfg = Release|Any CPU
		{439C94F4-FF52-4802-8EC7-B5DDB73B7CCC}.Release|Any CPU.Build.0 = Release|Any CPU
		{00279547-FD41-4084-8827-FD6C585A184A}.Debug|Any CPU.ActiveCfg = Debug|Any CPU
		{00279547-FD41-4084-8827-FD6C585A184A}.Debug|Any CPU.Build.0 = Debug|Any CPU
		{00279547-FD41-4084-8827-FD6C585A184A}.Release|Any CPU.ActiveCfg = Release|Any CPU
		{00279547-FD41-4084-8827-FD6C585A184A}.Release|Any CPU.Build.0 = Release|Any CPU
		{95FC748A-9950-4468-A267-0A1C44063807}.Debug|Any CPU.ActiveCfg = Debug|Any CPU
		{95FC748A-9950-4468-A267-0A1C44063807}.Debug|Any CPU.Build.0 = Debug|Any CPU
		{95FC748A-9950-4468-A267-0A1C44063807}.Release|Any CPU.ActiveCfg = Release|Any CPU
		{95FC748A-9950-4468-A267-0A1C44063807}.Release|Any CPU.Build.0 = Release|Any CPU
		{D53BD75E-D232-41FB-8B93-B1A7DA45C407}.Debug|Any CPU.ActiveCfg = Debug|Any CPU
		{D53BD75E-D232-41FB-8B93-B1A7DA45C407}.Debug|Any CPU.Build.0 = Debug|Any CPU
		{D53BD75E-D232-41FB-8B93-B1A7DA45C407}.Release|Any CPU.ActiveCfg = Release|Any CPU
		{D53BD75E-D232-41FB-8B93-B1A7DA45C407}.Release|Any CPU.Build.0 = Release|Any CPU
	EndGlobalSection
	GlobalSection(SolutionProperties) = preSolution
		HideSolutionNode = FALSE
	EndGlobalSection
	GlobalSection(ExtensibilityGlobals) = postSolution
		SolutionGuid = {22495695-B690-4C07-9B17-A2F07E3F644C}
	EndGlobalSection
EndGlobal
